{
    "_readme": [
        "This file locks the dependencies of your project to a known state",
        "Read more about it at https://getcomposer.org/doc/01-basic-usage.md#installing-dependencies",
        "This file is @generated automatically"
    ],
    "content-hash": "22a8111ebfa04a22f09f0dcb5e2ce6c7",
    "packages": [
        {
            "name": "jelix/inifile",
            "version": "v3.3.2",
            "source": {
                "type": "git",
                "url": "https://github.com/jelix/inifile.git",
                "reference": "d4e239e376ba41bd7a5a74c8daeeea12f04a4f1a"
            },
            "dist": {
                "type": "zip",
                "url": "https://api.github.com/repos/jelix/inifile/zipball/d4e239e376ba41bd7a5a74c8daeeea12f04a4f1a",
                "reference": "d4e239e376ba41bd7a5a74c8daeeea12f04a4f1a",
                "shasum": ""
            },
            "require": {
                "php": ">=5.6.1"
            },
            "require-dev": {
                "phpunit/phpunit": "8.5.*"
            },
            "type": "library",
            "autoload": {
                "psr-4": {
                    "Jelix\\IniFile\\": "lib/"
                }
            },
            "notification-url": "https://packagist.org/downloads/",
            "license": [
                "LGPL-2.1"
            ],
            "authors": [
                {
                    "name": "Laurent Jouanneau",
                    "email": "laurent@jelix.org"
                },
                {
                    "name": "Loic Mathaud"
                }
            ],
            "description": "classes to read and modify ini files by preserving comments and empty lines",
            "homepage": "http://jelix.org",
            "keywords": [
                "files",
                "ini"
            ],
            "support": {
                "issues": "https://github.com/jelix/inifile/issues",
                "source": "https://github.com/jelix/inifile/tree/v3.3.2"
            },
            "time": "2023-02-28T13:04:33+00:00"
        },
        {
            "name": "woocommerce/action-scheduler",
            "version": "3.6.1",
            "source": {
                "type": "git",
                "url": "https://github.com/woocommerce/action-scheduler.git",
                "reference": "7fd383cad3d64b419ec81bcd05bab44355a6e6ef"
            },
            "dist": {
                "type": "zip",
                "url": "https://api.github.com/repos/woocommerce/action-scheduler/zipball/7fd383cad3d64b419ec81bcd05bab44355a6e6ef",
                "reference": "7fd383cad3d64b419ec81bcd05bab44355a6e6ef",
                "shasum": ""
            },
            "require-dev": {
                "phpunit/phpunit": "^7.5",
                "woocommerce/woocommerce-sniffs": "0.1.0",
                "wp-cli/wp-cli": "~2.5.0",
                "yoast/phpunit-polyfills": "^1.0"
            },
            "type": "wordpress-plugin",
            "extra": {
                "scripts-description": {
                    "test": "Run unit tests",
                    "phpcs": "Analyze code against the WordPress coding standards with PHP_CodeSniffer",
                    "phpcbf": "Fix coding standards warnings/errors automatically with PHP Code Beautifier"
                }
            },
            "notification-url": "https://packagist.org/downloads/",
            "license": [
                "GPL-3.0-or-later"
            ],
            "description": "Action Scheduler for WordPress and WooCommerce",
            "homepage": "https://actionscheduler.org/",
            "support": {
                "issues": "https://github.com/woocommerce/action-scheduler/issues",
                "source": "https://github.com/woocommerce/action-scheduler/tree/3.6.1"
            },
            "time": "2023-06-14T19:23:12+00:00"
        }
    ],
    "packages-dev": [
        {
            "name": "magicoli/opensim-helpers",
            "version": "v2.1.9",
            "source": {
                "type": "git",
                "url": "https://github.com/magicoli/opensim-helpers.git",
                "reference": "829c940615b8b41432f511b895c3966396649933"
            },
            "dist": {
                "type": "zip",
                "url": "https://api.github.com/repos/magicoli/opensim-helpers/zipball/829c940615b8b41432f511b895c3966396649933",
                "reference": "829c940615b8b41432f511b895c3966396649933",
                "shasum": ""
            },
            "type": "library",
            "notification-url": "https://packagist.org/downloads/",
            "license": [
                "AGPL-3.0-or-later"
            ],
            "authors": [
                {
                    "name": "Gudule Lapointe",
                    "email": "gudule@speculoos.world"
                }
            ],
            "description": "Helpers needed to enable common functionalties like search, currency, events in OpenSimulator grids.",
            "support": {
                "issues": "https://github.com/magicoli/opensim-helpers/issues",
                "source": "https://github.com/magicoli/opensim-helpers/tree/v2.1.9"
            },
            "time": "2023-06-24T00:29:23+00:00"
        }
    ],
    "aliases": [],
    "minimum-stability": "stable",
    "stability-flags": [],
    "prefer-stable": false,
    "prefer-lowest": false,
    "platform": [],
    "platform-dev": [],
    "plugin-api-version": "2.3.0"
}
